{
  "name": "builders",
  "lockfileVersion": 3,
  "requires": true,
  "packages": {
    "": {
      "license": "UNLICENSED",
      "dependencies": {
        "@vercel/build-utils": "^9.0.1",
        "vercel-php": "^0.7.3"
      }
    },
    "node_modules/@libphp/amazon-linux-2-v83": {
      "version": "0.0.7",
      "resolved": "https://registry.npmjs.org/@libphp/amazon-linux-2-v83/-/amazon-linux-2-v83-0.0.7.tgz",
      "integrity": "sha512-hLiwDbRzTSsZ9TaRjdWO95mjJBaRYe5XfT18ok5ecDnzPrYY2S6vyo9nBZSjtcBJbWydRkTrd7hcoJrFNv/2GA==",
      "license": "MIT"
    },
    "node_modules/@vercel/build-utils": {
      "version": "9.0.1",
      "resolved": "https://registry.npmjs.org/@vercel/build-utils/-/build-utils-9.0.1.tgz",
      "integrity": "sha512-pG/izEqA0AGyqQj6QBfGoTOKU9FPG18sYw9qpncEq00uA+J4Ly4e8ssNbENsXtnXqkMjeoS3c5ncR3jT0bOyiA==",
      "license": "Apache-2.0"
    },
    "node_modules/vercel-php": {
      "version": "0.7.3",
      "resolved": "https://registry.npmjs.org/vercel-php/-/vercel-php-0.7.3.tgz",
      "integrity": "sha512-2ZWDmxXqqZ9HyvHi/qaUfjGu+gY22WFPy8NFdZFkjVmFthJzxBz93nWuPsVxOnb5zCZNcAyiaj4cXqhgvYLV1w==",
      "license": "MIT",
      "dependencies": {
        "@libphp/amazon-linux-2-v83": ">=0.0.7"
      }
    }
  }
}
